// !$*UTF8*$!
{
	archiveVersion = 1;
	classes = {
	};
	objectVersion = 51;
	objects = {

/* Begin PBXBuildFile section */
		3A01E62826D484720035C25B /* Announcement.swift in Sources */ = {isa = PBXBuildFile; fileRef = 3A01E62726D484720035C25B /* Announcement.swift */; };
		3A01E62F26D490A30035C25B /* AnnouncementModel.swift in Sources */ = {isa = PBXBuildFile; fileRef = 3A01E62E26D490A30035C25B /* AnnouncementModel.swift */; };
		3A06618F26D2051C00933AD6 /* NewsletterCell.swift in Sources */ = {isa = PBXBuildFile; fileRef = 3A06618E26D2051C00933AD6 /* NewsletterCell.swift */; };
		3A0C10AB26C885C60027F4E3 /* FirebaseDataSeeder.swift in Sources */ = {isa = PBXBuildFile; fileRef = 3A0C10AA26C885C60027F4E3 /* FirebaseDataSeeder.swift */; };
		3A0C10AE26C8A3190027F4E3 /* DataSeeds.swift in Sources */ = {isa = PBXBuildFile; fileRef = 3A0C10AD26C8A3190027F4E3 /* DataSeeds.swift */; };
		3A0E510326A3D4EA0026077B /* CustomizeProductCell.swift in Sources */ = {isa = PBXBuildFile; fileRef = 3A0E510226A3D4EA0026077B /* CustomizeProductCell.swift */; };
		3A1A5F7F2673D3750074E5C4 /* CSImageSlider.swift in Sources */ = {isa = PBXBuildFile; fileRef = 3A1A5F7E2673D3750074E5C4 /* CSImageSlider.swift */; };
		3A1A5F842673D4E10074E5C4 /* CSImageSliderCell.swift in Sources */ = {isa = PBXBuildFile; fileRef = 3A1A5F832673D4E10074E5C4 /* CSImageSliderCell.swift */; };
		3A1A5F8D267467020074E5C4 /* UIHelper.swift in Sources */ = {isa = PBXBuildFile; fileRef = 3A1A5F8C267467020074E5C4 /* UIHelper.swift */; };
		3A1B0BA3268E765200C937E2 /* CSBodyLabel.swift in Sources */ = {isa = PBXBuildFile; fileRef = 3A1B0BA2268E765200C937E2 /* CSBodyLabel.swift */; };
		3A1D33F026806313007D3BF6 /* LoginVC.swift in Sources */ = {isa = PBXBuildFile; fileRef = 3A1D33EF26806313007D3BF6 /* LoginVC.swift */; };
		3A20555226D74D52007B0211 /* AnnouncementDetailVC.swift in Sources */ = {isa = PBXBuildFile; fileRef = 3A20555126D74D52007B0211 /* AnnouncementDetailVC.swift */; };
		3A299E552686E281002EA597 /* ShopsVC.swift in Sources */ = {isa = PBXBuildFile; fileRef = 3A299E542686E281002EA597 /* ShopsVC.swift */; };
		3A2AB08626E5B0E50033CE6E /* CartVC.swift in Sources */ = {isa = PBXBuildFile; fileRef = 3A2AB08526E5B0E50033CE6E /* CartVC.swift */; };
		3A302715266AE83B00C465CE /* AppDelegate.swift in Sources */ = {isa = PBXBuildFile; fileRef = 3A302714266AE83B00C465CE /* AppDelegate.swift */; };
		3A302717266AE83B00C465CE /* SceneDelegate.swift in Sources */ = {isa = PBXBuildFile; fileRef = 3A302716266AE83B00C465CE /* SceneDelegate.swift */; };
		3A30271E266AE83C00C465CE /* Assets.xcassets in Resources */ = {isa = PBXBuildFile; fileRef = 3A30271D266AE83C00C465CE /* Assets.xcassets */; };
		3A302721266AE83C00C465CE /* LaunchScreen.storyboard in Resources */ = {isa = PBXBuildFile; fileRef = 3A30271F266AE83C00C465CE /* LaunchScreen.storyboard */; };
		3A34D54526BA4EED00633098 /* CSShopInfoView.swift in Sources */ = {isa = PBXBuildFile; fileRef = 3A34D54426BA4EED00633098 /* CSShopInfoView.swift */; };
		3A382D07267EF308009E779B /* GoogleService-Info.plist in Resources */ = {isa = PBXBuildFile; fileRef = 3A382D06267EF308009E779B /* GoogleService-Info.plist */; };
		3A38DAFD26D8BBEC006C7643 /* String+Ext.swift in Sources */ = {isa = PBXBuildFile; fileRef = 3A38DAFC26D8BBEC006C7643 /* String+Ext.swift */; };
		3A3B70122697A28000493D94 /* ProductTableHeaderView.swift in Sources */ = {isa = PBXBuildFile; fileRef = 3A3B70112697A28000493D94 /* ProductTableHeaderView.swift */; };
		3A3B70152697AD6D00493D94 /* ProductModel.swift in Sources */ = {isa = PBXBuildFile; fileRef = 3A3B70142697AD6D00493D94 /* ProductModel.swift */; };
		3A3C0F7826843182003B146A /* HomeVC.swift in Sources */ = {isa = PBXBuildFile; fileRef = 3A3C0F7726843182003B146A /* HomeVC.swift */; };
		3A45F4BB267AEA8200A7940A /* CSTextField.swift in Sources */ = {isa = PBXBuildFile; fileRef = 3A45F4BA267AEA8200A7940A /* CSTextField.swift */; };
		3A4B6D052679618A005C921E /* AssetManager.swift in Sources */ = {isa = PBXBuildFile; fileRef = 3A4B6D042679618A005C921E /* AssetManager.swift */; };
		3A4B6D1426796C72005C921E /* RegisterVC.swift in Sources */ = {isa = PBXBuildFile; fileRef = 3A4B6D1326796C72005C921E /* RegisterVC.swift */; };
		3A5D506426A6026800751DB8 /* SectionTitleTableView.swift in Sources */ = {isa = PBXBuildFile; fileRef = 3A5D506326A6026800751DB8 /* SectionTitleTableView.swift */; };
		3A5D506726A60B6200751DB8 /* CSBadgeView.swift in Sources */ = {isa = PBXBuildFile; fileRef = 3A5D506626A60B6200751DB8 /* CSBadgeView.swift */; };
		3A62545426D354ED0013AD7F /* SectionHeaderReusableView.swift in Sources */ = {isa = PBXBuildFile; fileRef = 3A62545326D354ED0013AD7F /* SectionHeaderReusableView.swift */; };
		3A65955B26B8DA210029ED81 /* ShopAnnotationView.swift in Sources */ = {isa = PBXBuildFile; fileRef = 3A65955A26B8DA210029ED81 /* ShopAnnotationView.swift */; };
		3A72691026852C6700C8F3C7 /* CSAlertVC.swift in Sources */ = {isa = PBXBuildFile; fileRef = 3A72690F26852C6700C8F3C7 /* CSAlertVC.swift */; };
		3A7269132685569700C8F3C7 /* UIViewController+Ext.swift in Sources */ = {isa = PBXBuildFile; fileRef = 3A7269122685569700C8F3C7 /* UIViewController+Ext.swift */; };
		3A7700A526706C73006F4838 /* CSTitleLabel.swift in Sources */ = {isa = PBXBuildFile; fileRef = 3A7700A426706C73006F4838 /* CSTitleLabel.swift */; };
		3A7700A826709BEE006F4838 /* UIView+Ext.swift in Sources */ = {isa = PBXBuildFile; fileRef = 3A7700A726709BEE006F4838 /* UIView+Ext.swift */; };
		3A778A0026E497860000B7B8 /* CartModel.swift in Sources */ = {isa = PBXBuildFile; fileRef = 3A7789FF26E497860000B7B8 /* CartModel.swift */; };
		3A80ABA62683058400E379EA /* ProfileVC.swift in Sources */ = {isa = PBXBuildFile; fileRef = 3A80ABA52683058400E379EA /* ProfileVC.swift */; };
		3A813C8826856A3D005F552F /* CSButtonPlain.swift in Sources */ = {isa = PBXBuildFile; fileRef = 3A813C8726856A3D005F552F /* CSButtonPlain.swift */; };
		3A8FAF8B26ABC92C00193793 /* CSButtonAddToCart.swift in Sources */ = {isa = PBXBuildFile; fileRef = 3A8FAF8A26ABC92C00193793 /* CSButtonAddToCart.swift */; };
		3A92AEDB26D192580043AC2D /* AnnouncementCell.swift in Sources */ = {isa = PBXBuildFile; fileRef = 3A92AEDA26D192580043AC2D /* AnnouncementCell.swift */; };
		3A96597C2686A68000F87FAA /* Product.swift in Sources */ = {isa = PBXBuildFile; fileRef = 3A96597B2686A68000F87FAA /* Product.swift */; };
		3A9ADBE7266CA62B009B74AE /* CSButtonFilled.swift in Sources */ = {isa = PBXBuildFile; fileRef = 3A9ADBE6266CA62B009B74AE /* CSButtonFilled.swift */; };
		3A9ADBEA266CAFDD009B74AE /* CustomColors.swift in Sources */ = {isa = PBXBuildFile; fileRef = 3A9ADBE9266CAFDD009B74AE /* CustomColors.swift */; };
		3AA835BB2686D44E00046DFE /* ProductListVC.swift in Sources */ = {isa = PBXBuildFile; fileRef = 3AA835BA2686D44E00046DFE /* ProductListVC.swift */; };
		3AA9F89626BBAA5600FE767F /* ShopAnnotationPoint.swift in Sources */ = {isa = PBXBuildFile; fileRef = 3AA9F89526BBAA5600FE767F /* ShopAnnotationPoint.swift */; };
		3AB05BAE266DFC70006FD017 /* UIButton+Ext.swift in Sources */ = {isa = PBXBuildFile; fileRef = 3AB05BAD266DFC70006FD017 /* UIButton+Ext.swift */; };
		3ABC193A267C624600796029 /* UITextView+Ext.swift in Sources */ = {isa = PBXBuildFile; fileRef = 3ABC1939267C624600796029 /* UITextView+Ext.swift */; };
		3AC05CE626DB44A6003C8A9C /* AnnouncementListOfSectionVC.swift in Sources */ = {isa = PBXBuildFile; fileRef = 3AC05CE526DB44A6003C8A9C /* AnnouncementListOfSectionVC.swift */; };
		3AC5877C268AD137007F339A /* ProductCell.swift in Sources */ = {isa = PBXBuildFile; fileRef = 3AC5877B268AD137007F339A /* ProductCell.swift */; };
		3AD047422690E5980086ED41 /* ProductDetailVC.swift in Sources */ = {isa = PBXBuildFile; fileRef = 3AD047412690E5980086ED41 /* ProductDetailVC.swift */; };
		3AD3EFAB26E5B5060025995C /* CartProductCell.swift in Sources */ = {isa = PBXBuildFile; fileRef = 3AD3EFAA26E5B5060025995C /* CartProductCell.swift */; };
		3ADB705826AA202600ABD769 /* ProductQuantityCell.swift in Sources */ = {isa = PBXBuildFile; fileRef = 3ADB705726AA202600ABD769 /* ProductQuantityCell.swift */; };
		3ADBE38F26E153C7002FDA93 /* AnnouncementTableCell.swift in Sources */ = {isa = PBXBuildFile; fileRef = 3ADBE38E26E153C7002FDA93 /* AnnouncementTableCell.swift */; };
		3ADCDC6426E4309200E37ABD /* Cart.swift in Sources */ = {isa = PBXBuildFile; fileRef = 3ADCDC6326E4309200E37ABD /* Cart.swift */; };
		3AF0B89326BA13D00095479E /* Shop.swift in Sources */ = {isa = PBXBuildFile; fileRef = 3AF0B89226BA13D00095479E /* Shop.swift */; };
		3AF0B89626BA15E80095479E /* ShopModel.swift in Sources */ = {isa = PBXBuildFile; fileRef = 3AF0B89526BA15E80095479E /* ShopModel.swift */; };
		3AFFBA05266C3FB000832381 /* OnboardingVC.swift in Sources */ = {isa = PBXBuildFile; fileRef = 3AFFBA04266C3FB000832381 /* OnboardingVC.swift */; };
		3AFFBA0A266C5A6C00832381 /* CSButtonOutline.swift in Sources */ = {isa = PBXBuildFile; fileRef = 3AFFBA09266C5A6C00832381 /* CSButtonOutline.swift */; };
		55160487507BDAD75AE8C8C5 /* Pods_CoffeShop_iOS.framework in Frameworks */ = {isa = PBXBuildFile; fileRef = 539A9F158E82C933E5B82D21 /* Pods_CoffeShop_iOS.framework */; };
/* End PBXBuildFile section */

/* Begin PBXFileReference section */
		097313AE185C779B1F37471C /* Pods-CoffeShop-iOS.release.xcconfig */ = {isa = PBXFileReference; includeInIndex = 1; lastKnownFileType = text.xcconfig; name = "Pods-CoffeShop-iOS.release.xcconfig"; path = "Target Support Files/Pods-CoffeShop-iOS/Pods-CoffeShop-iOS.release.xcconfig"; sourceTree = "<group>"; };
		3A01E62726D484720035C25B /* Announcement.swift */ = {isa = PBXFileReference; lastKnownFileType = sourcecode.swift; path = Announcement.swift; sourceTree = "<group>"; };
		3A01E62E26D490A30035C25B /* AnnouncementModel.swift */ = {isa = PBXFileReference; lastKnownFileType = sourcecode.swift; path = AnnouncementModel.swift; sourceTree = "<group>"; };
		3A06618E26D2051C00933AD6 /* NewsletterCell.swift */ = {isa = PBXFileReference; lastKnownFileType = sourcecode.swift; path = NewsletterCell.swift; sourceTree = "<group>"; };
		3A0C10AA26C885C60027F4E3 /* FirebaseDataSeeder.swift */ = {isa = PBXFileReference; lastKnownFileType = sourcecode.swift; path = FirebaseDataSeeder.swift; sourceTree = "<group>"; };
		3A0C10AD26C8A3190027F4E3 /* DataSeeds.swift */ = {isa = PBXFileReference; lastKnownFileType = sourcecode.swift; path = DataSeeds.swift; sourceTree = "<group>"; };
		3A0E510226A3D4EA0026077B /* CustomizeProductCell.swift */ = {isa = PBXFileReference; lastKnownFileType = sourcecode.swift; path = CustomizeProductCell.swift; sourceTree = "<group>"; };
		3A1A5F7E2673D3750074E5C4 /* CSImageSlider.swift */ = {isa = PBXFileReference; lastKnownFileType = sourcecode.swift; path = CSImageSlider.swift; sourceTree = "<group>"; };
		3A1A5F832673D4E10074E5C4 /* CSImageSliderCell.swift */ = {isa = PBXFileReference; lastKnownFileType = sourcecode.swift; path = CSImageSliderCell.swift; sourceTree = "<group>"; };
		3A1A5F8C267467020074E5C4 /* UIHelper.swift */ = {isa = PBXFileReference; lastKnownFileType = sourcecode.swift; path = UIHelper.swift; sourceTree = "<group>"; };
		3A1B0BA2268E765200C937E2 /* CSBodyLabel.swift */ = {isa = PBXFileReference; lastKnownFileType = sourcecode.swift; path = CSBodyLabel.swift; sourceTree = "<group>"; };
		3A1D33EF26806313007D3BF6 /* LoginVC.swift */ = {isa = PBXFileReference; lastKnownFileType = sourcecode.swift; path = LoginVC.swift; sourceTree = "<group>"; };
		3A20555126D74D52007B0211 /* AnnouncementDetailVC.swift */ = {isa = PBXFileReference; lastKnownFileType = sourcecode.swift; path = AnnouncementDetailVC.swift; sourceTree = "<group>"; };
		3A299E542686E281002EA597 /* ShopsVC.swift */ = {isa = PBXFileReference; lastKnownFileType = sourcecode.swift; path = ShopsVC.swift; sourceTree = "<group>"; };
		3A2AB08526E5B0E50033CE6E /* CartVC.swift */ = {isa = PBXFileReference; lastKnownFileType = sourcecode.swift; path = CartVC.swift; sourceTree = "<group>"; };
		3A302711266AE83B00C465CE /* CoffeShop-iOS.app */ = {isa = PBXFileReference; explicitFileType = wrapper.application; includeInIndex = 0; path = "CoffeShop-iOS.app"; sourceTree = BUILT_PRODUCTS_DIR; };
		3A302714266AE83B00C465CE /* AppDelegate.swift */ = {isa = PBXFileReference; lastKnownFileType = sourcecode.swift; path = AppDelegate.swift; sourceTree = "<group>"; };
		3A302716266AE83B00C465CE /* SceneDelegate.swift */ = {isa = PBXFileReference; lastKnownFileType = sourcecode.swift; path = SceneDelegate.swift; sourceTree = "<group>"; };
		3A30271D266AE83C00C465CE /* Assets.xcassets */ = {isa = PBXFileReference; lastKnownFileType = folder.assetcatalog; path = Assets.xcassets; sourceTree = "<group>"; };
		3A302720266AE83C00C465CE /* Base */ = {isa = PBXFileReference; lastKnownFileType = file.storyboard; name = Base; path = Base.lproj/LaunchScreen.storyboard; sourceTree = "<group>"; };
		3A302722266AE83C00C465CE /* Info.plist */ = {isa = PBXFileReference; lastKnownFileType = text.plist.xml; path = Info.plist; sourceTree = "<group>"; };
		3A34D54426BA4EED00633098 /* CSShopInfoView.swift */ = {isa = PBXFileReference; lastKnownFileType = sourcecode.swift; path = CSShopInfoView.swift; sourceTree = "<group>"; };
		3A382D06267EF308009E779B /* GoogleService-Info.plist */ = {isa = PBXFileReference; fileEncoding = 4; lastKnownFileType = text.plist.xml; path = "GoogleService-Info.plist"; sourceTree = "<group>"; };
		3A38DAFC26D8BBEC006C7643 /* String+Ext.swift */ = {isa = PBXFileReference; lastKnownFileType = sourcecode.swift; path = "String+Ext.swift"; sourceTree = "<group>"; };
		3A3B70112697A28000493D94 /* ProductTableHeaderView.swift */ = {isa = PBXFileReference; lastKnownFileType = sourcecode.swift; path = ProductTableHeaderView.swift; sourceTree = "<group>"; };
		3A3B70142697AD6D00493D94 /* ProductModel.swift */ = {isa = PBXFileReference; lastKnownFileType = sourcecode.swift; path = ProductModel.swift; sourceTree = "<group>"; };
		3A3C0F7726843182003B146A /* HomeVC.swift */ = {isa = PBXFileReference; lastKnownFileType = sourcecode.swift; path = HomeVC.swift; sourceTree = "<group>"; };
		3A45F4BA267AEA8200A7940A /* CSTextField.swift */ = {isa = PBXFileReference; lastKnownFileType = sourcecode.swift; path = CSTextField.swift; sourceTree = "<group>"; };
		3A4B6D042679618A005C921E /* AssetManager.swift */ = {isa = PBXFileReference; lastKnownFileType = sourcecode.swift; path = AssetManager.swift; sourceTree = "<group>"; };
		3A4B6D1326796C72005C921E /* RegisterVC.swift */ = {isa = PBXFileReference; lastKnownFileType = sourcecode.swift; path = RegisterVC.swift; sourceTree = "<group>"; };
		3A5D506326A6026800751DB8 /* SectionTitleTableView.swift */ = {isa = PBXFileReference; lastKnownFileType = sourcecode.swift; path = SectionTitleTableView.swift; sourceTree = "<group>"; };
		3A5D506626A60B6200751DB8 /* CSBadgeView.swift */ = {isa = PBXFileReference; lastKnownFileType = sourcecode.swift; path = CSBadgeView.swift; sourceTree = "<group>"; };
		3A62545326D354ED0013AD7F /* SectionHeaderReusableView.swift */ = {isa = PBXFileReference; lastKnownFileType = sourcecode.swift; path = SectionHeaderReusableView.swift; sourceTree = "<group>"; };
		3A65955A26B8DA210029ED81 /* ShopAnnotationView.swift */ = {isa = PBXFileReference; lastKnownFileType = sourcecode.swift; path = ShopAnnotationView.swift; sourceTree = "<group>"; };
		3A72690F26852C6700C8F3C7 /* CSAlertVC.swift */ = {isa = PBXFileReference; lastKnownFileType = sourcecode.swift; path = CSAlertVC.swift; sourceTree = "<group>"; };
		3A7269122685569700C8F3C7 /* UIViewController+Ext.swift */ = {isa = PBXFileReference; lastKnownFileType = sourcecode.swift; path = "UIViewController+Ext.swift"; sourceTree = "<group>"; };
		3A7700A426706C73006F4838 /* CSTitleLabel.swift */ = {isa = PBXFileReference; lastKnownFileType = sourcecode.swift; path = CSTitleLabel.swift; sourceTree = "<group>"; };
		3A7700A726709BEE006F4838 /* UIView+Ext.swift */ = {isa = PBXFileReference; lastKnownFileType = sourcecode.swift; path = "UIView+Ext.swift"; sourceTree = "<group>"; };
		3A7789FF26E497860000B7B8 /* CartModel.swift */ = {isa = PBXFileReference; lastKnownFileType = sourcecode.swift; path = CartModel.swift; sourceTree = "<group>"; };
		3A80ABA52683058400E379EA /* ProfileVC.swift */ = {isa = PBXFileReference; lastKnownFileType = sourcecode.swift; path = ProfileVC.swift; sourceTree = "<group>"; };
		3A813C8726856A3D005F552F /* CSButtonPlain.swift */ = {isa = PBXFileReference; lastKnownFileType = sourcecode.swift; path = CSButtonPlain.swift; sourceTree = "<group>"; };
		3A8FAF8A26ABC92C00193793 /* CSButtonAddToCart.swift */ = {isa = PBXFileReference; lastKnownFileType = sourcecode.swift; path = CSButtonAddToCart.swift; sourceTree = "<group>"; };
		3A92AEDA26D192580043AC2D /* AnnouncementCell.swift */ = {isa = PBXFileReference; lastKnownFileType = sourcecode.swift; path = AnnouncementCell.swift; sourceTree = "<group>"; };
		3A96597B2686A68000F87FAA /* Product.swift */ = {isa = PBXFileReference; lastKnownFileType = sourcecode.swift; path = Product.swift; sourceTree = "<group>"; };
		3A9ADBE6266CA62B009B74AE /* CSButtonFilled.swift */ = {isa = PBXFileReference; lastKnownFileType = sourcecode.swift; path = CSButtonFilled.swift; sourceTree = "<group>"; };
		3A9ADBE9266CAFDD009B74AE /* CustomColors.swift */ = {isa = PBXFileReference; lastKnownFileType = sourcecode.swift; path = CustomColors.swift; sourceTree = "<group>"; };
		3AA835BA2686D44E00046DFE /* ProductListVC.swift */ = {isa = PBXFileReference; lastKnownFileType = sourcecode.swift; path = ProductListVC.swift; sourceTree = "<group>"; };
		3AA9F89526BBAA5600FE767F /* ShopAnnotationPoint.swift */ = {isa = PBXFileReference; lastKnownFileType = sourcecode.swift; path = ShopAnnotationPoint.swift; sourceTree = "<group>"; };
		3AB05BAD266DFC70006FD017 /* UIButton+Ext.swift */ = {isa = PBXFileReference; lastKnownFileType = sourcecode.swift; path = "UIButton+Ext.swift"; sourceTree = "<group>"; };
		3ABC1939267C624600796029 /* UITextView+Ext.swift */ = {isa = PBXFileReference; lastKnownFileType = sourcecode.swift; path = "UITextView+Ext.swift"; sourceTree = "<group>"; };
		3AC05CE526DB44A6003C8A9C /* AnnouncementListOfSectionVC.swift */ = {isa = PBXFileReference; lastKnownFileType = sourcecode.swift; path = AnnouncementListOfSectionVC.swift; sourceTree = "<group>"; };
		3AC5877B268AD137007F339A /* ProductCell.swift */ = {isa = PBXFileReference; lastKnownFileType = sourcecode.swift; path = ProductCell.swift; sourceTree = "<group>"; };
		3AD047412690E5980086ED41 /* ProductDetailVC.swift */ = {isa = PBXFileReference; lastKnownFileType = sourcecode.swift; path = ProductDetailVC.swift; sourceTree = "<group>"; };
		3AD3EFAA26E5B5060025995C /* CartProductCell.swift */ = {isa = PBXFileReference; lastKnownFileType = sourcecode.swift; path = CartProductCell.swift; sourceTree = "<group>"; };
		3ADB705726AA202600ABD769 /* ProductQuantityCell.swift */ = {isa = PBXFileReference; lastKnownFileType = sourcecode.swift; path = ProductQuantityCell.swift; sourceTree = "<group>"; };
		3ADBE38E26E153C7002FDA93 /* AnnouncementTableCell.swift */ = {isa = PBXFileReference; lastKnownFileType = sourcecode.swift; path = AnnouncementTableCell.swift; sourceTree = "<group>"; };
		3ADCDC6326E4309200E37ABD /* Cart.swift */ = {isa = PBXFileReference; lastKnownFileType = sourcecode.swift; path = Cart.swift; sourceTree = "<group>"; };
		3AF0B89226BA13D00095479E /* Shop.swift */ = {isa = PBXFileReference; lastKnownFileType = sourcecode.swift; path = Shop.swift; sourceTree = "<group>"; };
		3AF0B89526BA15E80095479E /* ShopModel.swift */ = {isa = PBXFileReference; lastKnownFileType = sourcecode.swift; path = ShopModel.swift; sourceTree = "<group>"; };
		3AFFBA04266C3FB000832381 /* OnboardingVC.swift */ = {isa = PBXFileReference; lastKnownFileType = sourcecode.swift; path = OnboardingVC.swift; sourceTree = "<group>"; };
		3AFFBA09266C5A6C00832381 /* CSButtonOutline.swift */ = {isa = PBXFileReference; lastKnownFileType = sourcecode.swift; path = CSButtonOutline.swift; sourceTree = "<group>"; };
		539A9F158E82C933E5B82D21 /* Pods_CoffeShop_iOS.framework */ = {isa = PBXFileReference; explicitFileType = wrapper.framework; includeInIndex = 0; path = Pods_CoffeShop_iOS.framework; sourceTree = BUILT_PRODUCTS_DIR; };
		C4EC69D18FC6B54C62EE0CC4 /* Pods-CoffeShop-iOS.debug.xcconfig */ = {isa = PBXFileReference; includeInIndex = 1; lastKnownFileType = text.xcconfig; name = "Pods-CoffeShop-iOS.debug.xcconfig"; path = "Target Support Files/Pods-CoffeShop-iOS/Pods-CoffeShop-iOS.debug.xcconfig"; sourceTree = "<group>"; };
/* End PBXFileReference section */

/* Begin PBXFrameworksBuildPhase section */
		3A30270E266AE83B00C465CE /* Frameworks */ = {
			isa = PBXFrameworksBuildPhase;
			buildActionMask = 2147483647;
			files = (
				55160487507BDAD75AE8C8C5 /* Pods_CoffeShop_iOS.framework in Frameworks */,
			);
			runOnlyForDeploymentPostprocessing = 0;
		};
/* End PBXFrameworksBuildPhase section */

/* Begin PBXGroup section */
		3A0E510D26A3D9780026077B /* Cells */ = {
			isa = PBXGroup;
			children = (
				3AC5877B268AD137007F339A /* ProductCell.swift */,
				3AD3EFAA26E5B5060025995C /* CartProductCell.swift */,
				3A92AEDA26D192580043AC2D /* AnnouncementCell.swift */,
				3A06618E26D2051C00933AD6 /* NewsletterCell.swift */,
				3A0E510226A3D4EA0026077B /* CustomizeProductCell.swift */,
				3ADBE38E26E153C7002FDA93 /* AnnouncementTableCell.swift */,
				3ADB705726AA202600ABD769 /* ProductQuantityCell.swift */,
			);
			path = Cells;
			sourceTree = "<group>";
		};
		3A0E510E26A3D9E20026077B /* ViewControllers */ = {
			isa = PBXGroup;
			children = (
				3A72690F26852C6700C8F3C7 /* CSAlertVC.swift */,
			);
			path = ViewControllers;
			sourceTree = "<group>";
		};
		3A0E510F26A3D9F00026077B /* Views */ = {
			isa = PBXGroup;
			children = (
				3A3B70112697A28000493D94 /* ProductTableHeaderView.swift */,
				3A5D506326A6026800751DB8 /* SectionTitleTableView.swift */,
				3A62545326D354ED0013AD7F /* SectionHeaderReusableView.swift */,
				3A5D506626A60B6200751DB8 /* CSBadgeView.swift */,
				3A34D54426BA4EED00633098 /* CSShopInfoView.swift */,
			);
			path = Views;
			sourceTree = "<group>";
		};
		3A0E511026A3DA5F0026077B /* Onboarding */ = {
			isa = PBXGroup;
			children = (
				3AFFBA04266C3FB000832381 /* OnboardingVC.swift */,
				3A4B6D1326796C72005C921E /* RegisterVC.swift */,
				3A1D33EF26806313007D3BF6 /* LoginVC.swift */,
			);
			path = Onboarding;
			sourceTree = "<group>";
		};
		3A0E511126A3DAAB0026077B /* Shops */ = {
			isa = PBXGroup;
			children = (
				3AD047412690E5980086ED41 /* ProductDetailVC.swift */,
				3AA835BA2686D44E00046DFE /* ProductListVC.swift */,
				3A299E542686E281002EA597 /* ShopsVC.swift */,
			);
			path = Shops;
			sourceTree = "<group>";
		};
		3A0E511326A3DAC20026077B /* Home */ = {
			isa = PBXGroup;
			children = (
				3A3C0F7726843182003B146A /* HomeVC.swift */,
				3AC05CE526DB44A6003C8A9C /* AnnouncementListOfSectionVC.swift */,
				3A20555126D74D52007B0211 /* AnnouncementDetailVC.swift */,
			);
			path = Home;
			sourceTree = "<group>";
		};
		3A0E511426A3DACA0026077B /* Profile */ = {
			isa = PBXGroup;
			children = (
				3A80ABA52683058400E379EA /* ProfileVC.swift */,
			);
			path = Profile;
			sourceTree = "<group>";
		};
		3A2AB08826E5B0E90033CE6E /* Cart */ = {
			isa = PBXGroup;
			children = (
				3A2AB08526E5B0E50033CE6E /* CartVC.swift */,
			);
			path = Cart;
			sourceTree = "<group>";
		};
		3A302708266AE83B00C465CE = {
			isa = PBXGroup;
			children = (
				3A302713266AE83B00C465CE /* CoffeShop-iOS */,
				3A302712266AE83B00C465CE /* Products */,
				8AE7EE3E6FA7AD907E00FA00 /* Pods */,
				DE2D5CE89BFD8891DB2A0A96 /* Frameworks */,
			);
			sourceTree = "<group>";
		};
		3A302712266AE83B00C465CE /* Products */ = {
			isa = PBXGroup;
			children = (
				3A302711266AE83B00C465CE /* CoffeShop-iOS.app */,
			);
			name = Products;
			sourceTree = "<group>";
		};
		3A302713266AE83B00C465CE /* CoffeShop-iOS */ = {
			isa = PBXGroup;
			children = (
				3A302714266AE83B00C465CE /* AppDelegate.swift */,
				3A302716266AE83B00C465CE /* SceneDelegate.swift */,
				3A4B6D0926796314005C921E /* Custom Views */,
				3A4B6D1126796541005C921E /* Screens */,
				3A96597A2686A61A00F87FAA /* Model */,
				3A5ECFC526C8AAF1002B4C54 /* DataSeeder */,
				3A4B6D0A2679634B005C921E /* Extensions */,
				3A4B6D07267962E3005C921E /* Util */,
				3A30271D266AE83C00C465CE /* Assets.xcassets */,
				3A30271F266AE83C00C465CE /* LaunchScreen.storyboard */,
				3A382D06267EF308009E779B /* GoogleService-Info.plist */,
				3A302722266AE83C00C465CE /* Info.plist */,
			);
			path = "CoffeShop-iOS";
			sourceTree = "<group>";
		};
		3A4B6D07267962E3005C921E /* Util */ = {
			isa = PBXGroup;
			children = (
				3A9ADBE9266CAFDD009B74AE /* CustomColors.swift */,
				3A4B6D042679618A005C921E /* AssetManager.swift */,
				3A1A5F8C267467020074E5C4 /* UIHelper.swift */,
			);
			path = Util;
			sourceTree = "<group>";
		};
		3A4B6D0926796314005C921E /* Custom Views */ = {
			isa = PBXGroup;
			children = (
				3A4B6D0F2679642F005C921E /* ImageSlider */,
				3A4B6D0C267963A3005C921E /* Buttons */,
				3A4B6D102679645B005C921E /* Labels */,
				3A50ADC9267C829A00C25D7A /* TextFields */,
				3A0E510D26A3D9780026077B /* Cells */,
				3A0E510E26A3D9E20026077B /* ViewControllers */,
				3A0E510F26A3D9F00026077B /* Views */,
				3A65955D26B8DA390029ED81 /* AnnotationViews */,
			);
			path = "Custom Views";
			sourceTree = "<group>";
		};
		3A4B6D0A2679634B005C921E /* Extensions */ = {
			isa = PBXGroup;
			children = (
				3ABC1939267C624600796029 /* UITextView+Ext.swift */,
				3A7269122685569700C8F3C7 /* UIViewController+Ext.swift */,
				3A7700A726709BEE006F4838 /* UIView+Ext.swift */,
				3A38DAFC26D8BBEC006C7643 /* String+Ext.swift */,
				3AB05BAD266DFC70006FD017 /* UIButton+Ext.swift */,
			);
			path = Extensions;
			sourceTree = "<group>";
		};
		3A4B6D0C267963A3005C921E /* Buttons */ = {
			isa = PBXGroup;
			children = (
				3AFFBA09266C5A6C00832381 /* CSButtonOutline.swift */,
				3A813C8726856A3D005F552F /* CSButtonPlain.swift */,
				3A9ADBE6266CA62B009B74AE /* CSButtonFilled.swift */,
				3A8FAF8A26ABC92C00193793 /* CSButtonAddToCart.swift */,
			);
			path = Buttons;
			sourceTree = "<group>";
		};
		3A4B6D0F2679642F005C921E /* ImageSlider */ = {
			isa = PBXGroup;
			children = (
				3A1A5F7E2673D3750074E5C4 /* CSImageSlider.swift */,
				3A1A5F832673D4E10074E5C4 /* CSImageSliderCell.swift */,
			);
			path = ImageSlider;
			sourceTree = "<group>";
		};
		3A4B6D102679645B005C921E /* Labels */ = {
			isa = PBXGroup;
			children = (
				3A7700A426706C73006F4838 /* CSTitleLabel.swift */,
				3A1B0BA2268E765200C937E2 /* CSBodyLabel.swift */,
			);
			path = Labels;
			sourceTree = "<group>";
		};
		3A4B6D1126796541005C921E /* Screens */ = {
			isa = PBXGroup;
			children = (
				3A0E511026A3DA5F0026077B /* Onboarding */,
				3A0E511126A3DAAB0026077B /* Shops */,
				3A0E511326A3DAC20026077B /* Home */,
				3A0E511426A3DACA0026077B /* Profile */,
				3A2AB08826E5B0E90033CE6E /* Cart */,
			);
			path = Screens;
			sourceTree = "<group>";
		};
		3A50ADC9267C829A00C25D7A /* TextFields */ = {
			isa = PBXGroup;
			children = (
				3A45F4BA267AEA8200A7940A /* CSTextField.swift */,
			);
			path = TextFields;
			sourceTree = "<group>";
		};
		3A5ECFC526C8AAF1002B4C54 /* DataSeeder */ = {
			isa = PBXGroup;
			children = (
				3A0C10AA26C885C60027F4E3 /* FirebaseDataSeeder.swift */,
				3A0C10AD26C8A3190027F4E3 /* DataSeeds.swift */,
			);
			path = DataSeeder;
			sourceTree = "<group>";
		};
		3A65955D26B8DA390029ED81 /* AnnotationViews */ = {
			isa = PBXGroup;
			children = (
				3A65955A26B8DA210029ED81 /* ShopAnnotationView.swift */,
				3AA9F89526BBAA5600FE767F /* ShopAnnotationPoint.swift */,
			);
			path = AnnotationViews;
			sourceTree = "<group>";
		};
		3A96597A2686A61A00F87FAA /* Model */ = {
			isa = PBXGroup;
			children = (
				3A96597B2686A68000F87FAA /* Product.swift */,
				3A3B70142697AD6D00493D94 /* ProductModel.swift */,
				3A01E62726D484720035C25B /* Announcement.swift */,
				3A01E62E26D490A30035C25B /* AnnouncementModel.swift */,
				3AF0B89226BA13D00095479E /* Shop.swift */,
				3AF0B89526BA15E80095479E /* ShopModel.swift */,
				3ADCDC6326E4309200E37ABD /* Cart.swift */,
				3A7789FF26E497860000B7B8 /* CartModel.swift */,
			);
			path = Model;
			sourceTree = "<group>";
		};
		8AE7EE3E6FA7AD907E00FA00 /* Pods */ = {
			isa = PBXGroup;
			children = (
				C4EC69D18FC6B54C62EE0CC4 /* Pods-CoffeShop-iOS.debug.xcconfig */,
				097313AE185C779B1F37471C /* Pods-CoffeShop-iOS.release.xcconfig */,
			);
			path = Pods;
			sourceTree = "<group>";
		};
		DE2D5CE89BFD8891DB2A0A96 /* Frameworks */ = {
			isa = PBXGroup;
			children = (
				539A9F158E82C933E5B82D21 /* Pods_CoffeShop_iOS.framework */,
			);
			name = Frameworks;
			sourceTree = "<group>";
		};
/* End PBXGroup section */

/* Begin PBXNativeTarget section */
		3A302710266AE83B00C465CE /* CoffeShop-iOS */ = {
			isa = PBXNativeTarget;
			buildConfigurationList = 3A302725266AE83C00C465CE /* Build configuration list for PBXNativeTarget "CoffeShop-iOS" */;
			buildPhases = (
				B82B619672BCBAC847E79B49 /* [CP] Check Pods Manifest.lock */,
				3A30270D266AE83B00C465CE /* Sources */,
				3A30270E266AE83B00C465CE /* Frameworks */,
				3A30270F266AE83B00C465CE /* Resources */,
				EC5C4D2BF4E98F7F7895B801 /* [CP] Embed Pods Frameworks */,
			);
			buildRules = (
			);
			dependencies = (
			);
			name = "CoffeShop-iOS";
			productName = "CoffeShop-iOS";
			productReference = 3A302711266AE83B00C465CE /* CoffeShop-iOS.app */;
			productType = "com.apple.product-type.application";
		};
/* End PBXNativeTarget section */

/* Begin PBXProject section */
		3A302709266AE83B00C465CE /* Project object */ = {
			isa = PBXProject;
			attributes = {
				LastSwiftUpdateCheck = 1240;
				LastUpgradeCheck = 1240;
				TargetAttributes = {
					3A302710266AE83B00C465CE = {
						CreatedOnToolsVersion = 12.4;
					};
				};
			};
			buildConfigurationList = 3A30270C266AE83B00C465CE /* Build configuration list for PBXProject "CoffeShop-iOS" */;
			compatibilityVersion = "Xcode 9.3";
			developmentRegion = en;
			hasScannedForEncodings = 0;
			knownRegions = (
				en,
				Base,
			);
			mainGroup = 3A302708266AE83B00C465CE;
			productRefGroup = 3A302712266AE83B00C465CE /* Products */;
			projectDirPath = "";
			projectRoot = "";
			targets = (
				3A302710266AE83B00C465CE /* CoffeShop-iOS */,
			);
		};
/* End PBXProject section */

/* Begin PBXResourcesBuildPhase section */
		3A30270F266AE83B00C465CE /* Resources */ = {
			isa = PBXResourcesBuildPhase;
			buildActionMask = 2147483647;
			files = (
				3A302721266AE83C00C465CE /* LaunchScreen.storyboard in Resources */,
				3A30271E266AE83C00C465CE /* Assets.xcassets in Resources */,
				3A382D07267EF308009E779B /* GoogleService-Info.plist in Resources */,
			);
			runOnlyForDeploymentPostprocessing = 0;
		};
/* End PBXResourcesBuildPhase section */

/* Begin PBXShellScriptBuildPhase section */
		B82B619672BCBAC847E79B49 /* [CP] Check Pods Manifest.lock */ = {
			isa = PBXShellScriptBuildPhase;
			buildActionMask = 2147483647;
			files = (
			);
			inputFileListPaths = (
			);
			inputPaths = (
				"${PODS_PODFILE_DIR_PATH}/Podfile.lock",
				"${PODS_ROOT}/Manifest.lock",
			);
			name = "[CP] Check Pods Manifest.lock";
			outputFileListPaths = (
			);
			outputPaths = (
				"$(DERIVED_FILE_DIR)/Pods-CoffeShop-iOS-checkManifestLockResult.txt",
			);
			runOnlyForDeploymentPostprocessing = 0;
			shellPath = /bin/sh;
			shellScript = "diff \"${PODS_PODFILE_DIR_PATH}/Podfile.lock\" \"${PODS_ROOT}/Manifest.lock\" > /dev/null\nif [ $? != 0 ] ; then\n    # print error to STDERR\n    echo \"error: The sandbox is not in sync with the Podfile.lock. Run 'pod install' or update your CocoaPods installation.\" >&2\n    exit 1\nfi\n# This output is used by Xcode 'outputs' to avoid re-running this script phase.\necho \"SUCCESS\" > \"${SCRIPT_OUTPUT_FILE_0}\"\n";
			showEnvVarsInLog = 0;
		};
		EC5C4D2BF4E98F7F7895B801 /* [CP] Embed Pods Frameworks */ = {
			isa = PBXShellScriptBuildPhase;
			buildActionMask = 2147483647;
			files = (
			);
			inputFileListPaths = (
				"${PODS_ROOT}/Target Support Files/Pods-CoffeShop-iOS/Pods-CoffeShop-iOS-frameworks-${CONFIGURATION}-input-files.xcfilelist",
			);
			name = "[CP] Embed Pods Frameworks";
			outputFileListPaths = (
				"${PODS_ROOT}/Target Support Files/Pods-CoffeShop-iOS/Pods-CoffeShop-iOS-frameworks-${CONFIGURATION}-output-files.xcfilelist",
			);
			runOnlyForDeploymentPostprocessing = 0;
			shellPath = /bin/sh;
			shellScript = "\"${PODS_ROOT}/Target Support Files/Pods-CoffeShop-iOS/Pods-CoffeShop-iOS-frameworks.sh\"\n";
			showEnvVarsInLog = 0;
		};
/* End PBXShellScriptBuildPhase section */

/* Begin PBXSourcesBuildPhase section */
		3A30270D266AE83B00C465CE /* Sources */ = {
			isa = PBXSourcesBuildPhase;
			buildActionMask = 2147483647;
			files = (
				3A302715266AE83B00C465CE /* AppDelegate.swift in Sources */,
				3A62545426D354ED0013AD7F /* SectionHeaderReusableView.swift in Sources */,
				3A65955B26B8DA210029ED81 /* ShopAnnotationView.swift in Sources */,
				3ADCDC6426E4309200E37ABD /* Cart.swift in Sources */,
				3ADB705826AA202600ABD769 /* ProductQuantityCell.swift in Sources */,
				3A1A5F7F2673D3750074E5C4 /* CSImageSlider.swift in Sources */,
				3A7269132685569700C8F3C7 /* UIViewController+Ext.swift in Sources */,
				3A01E62826D484720035C25B /* Announcement.swift in Sources */,
				3AF0B89626BA15E80095479E /* ShopModel.swift in Sources */,
				3AC05CE626DB44A6003C8A9C /* AnnouncementListOfSectionVC.swift in Sources */,
				3A0C10AE26C8A3190027F4E3 /* DataSeeds.swift in Sources */,
				3AA9F89626BBAA5600FE767F /* ShopAnnotationPoint.swift in Sources */,
				3A45F4BB267AEA8200A7940A /* CSTextField.swift in Sources */,
				3A9ADBE7266CA62B009B74AE /* CSButtonFilled.swift in Sources */,
				3A2AB08626E5B0E50033CE6E /* CartVC.swift in Sources */,
				3AA835BB2686D44E00046DFE /* ProductListVC.swift in Sources */,
				3A1B0BA3268E765200C937E2 /* CSBodyLabel.swift in Sources */,
				3A01E62F26D490A30035C25B /* AnnouncementModel.swift in Sources */,
				3A1D33F026806313007D3BF6 /* LoginVC.swift in Sources */,
				3AB05BAE266DFC70006FD017 /* UIButton+Ext.swift in Sources */,
				3A5D506426A6026800751DB8 /* SectionTitleTableView.swift in Sources */,
				3A0C10AB26C885C60027F4E3 /* FirebaseDataSeeder.swift in Sources */,
				3A0E510326A3D4EA0026077B /* CustomizeProductCell.swift in Sources */,
				3A302717266AE83B00C465CE /* SceneDelegate.swift in Sources */,
				3AFFBA05266C3FB000832381 /* OnboardingVC.swift in Sources */,
				3A38DAFD26D8BBEC006C7643 /* String+Ext.swift in Sources */,
				3A7700A826709BEE006F4838 /* UIView+Ext.swift in Sources */,
				3A4B6D052679618A005C921E /* AssetManager.swift in Sources */,
				3A8FAF8B26ABC92C00193793 /* CSButtonAddToCart.swift in Sources */,
				3AD047422690E5980086ED41 /* ProductDetailVC.swift in Sources */,
				3ABC193A267C624600796029 /* UITextView+Ext.swift in Sources */,
				3A34D54526BA4EED00633098 /* CSShopInfoView.swift in Sources */,
				3A20555226D74D52007B0211 /* AnnouncementDetailVC.swift in Sources */,
				3A7700A526706C73006F4838 /* CSTitleLabel.swift in Sources */,
				3A80ABA62683058400E379EA /* ProfileVC.swift in Sources */,
				3A299E552686E281002EA597 /* ShopsVC.swift in Sources */,
				3A92AEDB26D192580043AC2D /* AnnouncementCell.swift in Sources */,
				3AD3EFAB26E5B5060025995C /* CartProductCell.swift in Sources */,
				3A3B70122697A28000493D94 /* ProductTableHeaderView.swift in Sources */,
				3A72691026852C6700C8F3C7 /* CSAlertVC.swift in Sources */,
				3AC5877C268AD137007F339A /* ProductCell.swift in Sources */,
				3A9ADBEA266CAFDD009B74AE /* CustomColors.swift in Sources */,
				3AFFBA0A266C5A6C00832381 /* CSButtonOutline.swift in Sources */,
				3A4B6D1426796C72005C921E /* RegisterVC.swift in Sources */,
				3A813C8826856A3D005F552F /* CSButtonPlain.swift in Sources */,
				3A5D506726A60B6200751DB8 /* CSBadgeView.swift in Sources */,
				3A1A5F842673D4E10074E5C4 /* CSImageSliderCell.swift in Sources */,
				3AF0B89326BA13D00095479E /* Shop.swift in Sources */,
				3A96597C2686A68000F87FAA /* Product.swift in Sources */,
				3ADBE38F26E153C7002FDA93 /* AnnouncementTableCell.swift in Sources */,
				3A3C0F7826843182003B146A /* HomeVC.swift in Sources */,
				3A778A0026E497860000B7B8 /* CartModel.swift in Sources */,
				3A1A5F8D267467020074E5C4 /* UIHelper.swift in Sources */,
				3A06618F26D2051C00933AD6 /* NewsletterCell.swift in Sources */,
				3A3B70152697AD6D00493D94 /* ProductModel.swift in Sources */,
			);
			runOnlyForDeploymentPostprocessing = 0;
		};
/* End PBXSourcesBuildPhase section */

/* Begin PBXVariantGroup section */
		3A30271F266AE83C00C465CE /* LaunchScreen.storyboard */ = {
			isa = PBXVariantGroup;
			children = (
				3A302720266AE83C00C465CE /* Base */,
			);
			name = LaunchScreen.storyboard;
			sourceTree = "<group>";
		};
/* End PBXVariantGroup section */

/* Begin XCBuildConfiguration section */
		3A302723266AE83C00C465CE /* Debug */ = {
			isa = XCBuildConfiguration;
			buildSettings = {
				ALWAYS_SEARCH_USER_PATHS = NO;
				CLANG_ANALYZER_NONNULL = YES;
				CLANG_ANALYZER_NUMBER_OBJECT_CONVERSION = YES_AGGRESSIVE;
				CLANG_CXX_LANGUAGE_STANDARD = "gnu++14";
				CLANG_CXX_LIBRARY = "libc++";
				CLANG_ENABLE_MODULES = YES;
				CLANG_ENABLE_OBJC_ARC = YES;
				CLANG_ENABLE_OBJC_WEAK = YES;
				CLANG_WARN_BLOCK_CAPTURE_AUTORELEASING = YES;
				CLANG_WARN_BOOL_CONVERSION = YES;
				CLANG_WARN_COMMA = YES;
				CLANG_WARN_CONSTANT_CONVERSION = YES;
				CLANG_WARN_DEPRECATED_OBJC_IMPLEMENTATIONS = YES;
				CLANG_WARN_DIRECT_OBJC_ISA_USAGE = YES_ERROR;
				CLANG_WARN_DOCUMENTATION_COMMENTS = YES;
				CLANG_WARN_EMPTY_BODY = YES;
				CLANG_WARN_ENUM_CONVERSION = YES;
				CLANG_WARN_INFINITE_RECURSION = YES;
				CLANG_WARN_INT_CONVERSION = YES;
				CLANG_WARN_NON_LITERAL_NULL_CONVERSION = YES;
				CLANG_WARN_OBJC_IMPLICIT_RETAIN_SELF = YES;
				CLANG_WARN_OBJC_LITERAL_CONVERSION = YES;
				CLANG_WARN_OBJC_ROOT_CLASS = YES_ERROR;
				CLANG_WARN_QUOTED_INCLUDE_IN_FRAMEWORK_HEADER = YES;
				CLANG_WARN_RANGE_LOOP_ANALYSIS = YES;
				CLANG_WARN_STRICT_PROTOTYPES = YES;
				CLANG_WARN_SUSPICIOUS_MOVE = YES;
				CLANG_WARN_UNGUARDED_AVAILABILITY = YES_AGGRESSIVE;
				CLANG_WARN_UNREACHABLE_CODE = YES;
				CLANG_WARN__DUPLICATE_METHOD_MATCH = YES;
				COPY_PHASE_STRIP = NO;
				DEBUG_INFORMATION_FORMAT = dwarf;
				ENABLE_STRICT_OBJC_MSGSEND = YES;
				ENABLE_TESTABILITY = YES;
				GCC_C_LANGUAGE_STANDARD = gnu11;
				GCC_DYNAMIC_NO_PIC = NO;
				GCC_NO_COMMON_BLOCKS = YES;
				GCC_OPTIMIZATION_LEVEL = 0;
				GCC_PREPROCESSOR_DEFINITIONS = (
					"DEBUG=1",
					"$(inherited)",
				);
				GCC_WARN_64_TO_32_BIT_CONVERSION = YES;
				GCC_WARN_ABOUT_RETURN_TYPE = YES_ERROR;
				GCC_WARN_UNDECLARED_SELECTOR = YES;
				GCC_WARN_UNINITIALIZED_AUTOS = YES_AGGRESSIVE;
				GCC_WARN_UNUSED_FUNCTION = YES;
				GCC_WARN_UNUSED_VARIABLE = YES;
				IPHONEOS_DEPLOYMENT_TARGET = 13.0;
				MTL_ENABLE_DEBUG_INFO = INCLUDE_SOURCE;
				MTL_FAST_MATH = YES;
				ONLY_ACTIVE_ARCH = YES;
				SDKROOT = iphoneos;
				SWIFT_ACTIVE_COMPILATION_CONDITIONS = DEBUG;
				SWIFT_OPTIMIZATION_LEVEL = "-Onone";
			};
			name = Debug;
		};
		3A302724266AE83C00C465CE /* Release */ = {
			isa = XCBuildConfiguration;
			buildSettings = {
				ALWAYS_SEARCH_USER_PATHS = NO;
				CLANG_ANALYZER_NONNULL = YES;
				CLANG_ANALYZER_NUMBER_OBJECT_CONVERSION = YES_AGGRESSIVE;
				CLANG_CXX_LANGUAGE_STANDARD = "gnu++14";
				CLANG_CXX_LIBRARY = "libc++";
				CLANG_ENABLE_MODULES = YES;
				CLANG_ENABLE_OBJC_ARC = YES;
				CLANG_ENABLE_OBJC_WEAK = YES;
				CLANG_WARN_BLOCK_CAPTURE_AUTORELEASING = YES;
				CLANG_WARN_BOOL_CONVERSION = YES;
				CLANG_WARN_COMMA = YES;
				CLANG_WARN_CONSTANT_CONVERSION = YES;
				CLANG_WARN_DEPRECATED_OBJC_IMPLEMENTATIONS = YES;
				CLANG_WARN_DIRECT_OBJC_ISA_USAGE = YES_ERROR;
				CLANG_WARN_DOCUMENTATION_COMMENTS = YES;
				CLANG_WARN_EMPTY_BODY = YES;
				CLANG_WARN_ENUM_CONVERSION = YES;
				CLANG_WARN_INFINITE_RECURSION = YES;
				CLANG_WARN_INT_CONVERSION = YES;
				CLANG_WARN_NON_LITERAL_NULL_CONVERSION = YES;
				CLANG_WARN_OBJC_IMPLICIT_RETAIN_SELF = YES;
				CLANG_WARN_OBJC_LITERAL_CONVERSION = YES;
				CLANG_WARN_OBJC_ROOT_CLASS = YES_ERROR;
				CLANG_WARN_QUOTED_INCLUDE_IN_FRAMEWORK_HEADER = YES;
				CLANG_WARN_RANGE_LOOP_ANALYSIS = YES;
				CLANG_WARN_STRICT_PROTOTYPES = YES;
				CLANG_WARN_SUSPICIOUS_MOVE = YES;
				CLANG_WARN_UNGUARDED_AVAILABILITY = YES_AGGRESSIVE;
				CLANG_WARN_UNREACHABLE_CODE = YES;
				CLANG_WARN__DUPLICATE_METHOD_MATCH = YES;
				COPY_PHASE_STRIP = NO;
				DEBUG_INFORMATION_FORMAT = "dwarf-with-dsym";
				ENABLE_NS_ASSERTIONS = NO;
				ENABLE_STRICT_OBJC_MSGSEND = YES;
				GCC_C_LANGUAGE_STANDARD = gnu11;
				GCC_NO_COMMON_BLOCKS = YES;
				GCC_WARN_64_TO_32_BIT_CONVERSION = YES;
				GCC_WARN_ABOUT_RETURN_TYPE = YES_ERROR;
				GCC_WARN_UNDECLARED_SELECTOR = YES;
				GCC_WARN_UNINITIALIZED_AUTOS = YES_AGGRESSIVE;
				GCC_WARN_UNUSED_FUNCTION = YES;
				GCC_WARN_UNUSED_VARIABLE = YES;
				IPHONEOS_DEPLOYMENT_TARGET = 13.0;
				MTL_ENABLE_DEBUG_INFO = NO;
				MTL_FAST_MATH = YES;
				SDKROOT = iphoneos;
				SWIFT_COMPILATION_MODE = wholemodule;
				SWIFT_OPTIMIZATION_LEVEL = "-O";
				VALIDATE_PRODUCT = YES;
			};
			name = Release;
		};
		3A302726266AE83C00C465CE /* Debug */ = {
			isa = XCBuildConfiguration;
			baseConfigurationReference = C4EC69D18FC6B54C62EE0CC4 /* Pods-CoffeShop-iOS.debug.xcconfig */;
			buildSettings = {
				ASSETCATALOG_COMPILER_APPICON_NAME = AppIcon;
				ASSETCATALOG_COMPILER_GLOBAL_ACCENT_COLOR_NAME = AccentColor;
				CODE_SIGN_STYLE = Automatic;
				DEVELOPMENT_TEAM = P39ZCVPYYR;
				INFOPLIST_FILE = "CoffeShop-iOS/Info.plist";
				IPHONEOS_DEPLOYMENT_TARGET = 13.0;
				LD_RUNPATH_SEARCH_PATHS = (
					"$(inherited)",
					"@executable_path/Frameworks",
				);
				PRODUCT_BUNDLE_IDENTIFIER = "com.duilan.CoffeShop-iOS";
				PRODUCT_NAME = "$(TARGET_NAME)";
				SWIFT_VERSION = 5.0;
				TARGETED_DEVICE_FAMILY = "1,2";
			};
			name = Debug;
		};
		3A302727266AE83C00C465CE /* Release */ = {
			isa = XCBuildConfiguration;
			baseConfigurationReference = 097313AE185C779B1F37471C /* Pods-CoffeShop-iOS.release.xcconfig */;
			buildSettings = {
				ASSETCATALOG_COMPILER_APPICON_NAME = AppIcon;
				ASSETCATALOG_COMPILER_GLOBAL_ACCENT_COLOR_NAME = AccentColor;
				CODE_SIGN_STYLE = Automatic;
				DEVELOPMENT_TEAM = P39ZCVPYYR;
				INFOPLIST_FILE = "CoffeShop-iOS/Info.plist";
				IPHONEOS_DEPLOYMENT_TARGET = 13.0;
				LD_RUNPATH_SEARCH_PATHS = (
					"$(inherited)",
					"@executable_path/Frameworks",
				);
				PRODUCT_BUNDLE_IDENTIFIER = "com.duilan.CoffeShop-iOS";
				PRODUCT_NAME = "$(TARGET_NAME)";
				SWIFT_VERSION = 5.0;
				TARGETED_DEVICE_FAMILY = "1,2";
			};
			name = Release;
		};
/* End XCBuildConfiguration section */

/* Begin XCConfigurationList section */
		3A30270C266AE83B00C465CE /* Build configuration list for PBXProject "CoffeShop-iOS" */ = {
			isa = XCConfigurationList;
			buildConfigurations = (
				3A302723266AE83C00C465CE /* Debug */,
				3A302724266AE83C00C465CE /* Release */,
			);
			defaultConfigurationIsVisible = 0;
			defaultConfigurationName = Release;
		};
		3A302725266AE83C00C465CE /* Build configuration list for PBXNativeTarget "CoffeShop-iOS" */ = {
			isa = XCConfigurationList;
			buildConfigurations = (
				3A302726266AE83C00C465CE /* Debug */,
				3A302727266AE83C00C465CE /* Release */,
			);
			defaultConfigurationIsVisible = 0;
			defaultConfigurationName = Release;
		};
/* End XCConfigurationList section */
	};
	rootObject = 3A302709266AE83B00C465CE /* Project object */;
}
